version: v0.141.0
dependencies:
- name: rook-ceph
  repository: https://charts.rook.io/release
  version: v1.16.2
- name: rook-ceph-cluster
  repository: https://charts.rook.io/release
  version: v1.16.2
- name: traefik-custom-resources
  repository: https://helm.monetact.net
  version: 0.3.0
digest: sha256:4c4d63a45c9698c54ad082cea90efd39ea9effa31c3c56a1917a94fca67119b7
generated: "2025-02-01T10:13:02.186375202Z"
